
Microsoft Visual Studio Solution File, Format Version 12.00
# Visual Studio Version 18
VisualStudioVersion = 18.8.12023.21 stable
MinimumVisualStudioVersion = 10.0.40219.1
Project("{9A19103F-16F7-4668-BE54-9A1E7A4F7556}") = "swz.Clover.Core", "swz.Clover.Core\swz.Clover.Core.csproj", "{9661A68E-F6F4-439C-ADA4-D7DCA1D36ABA}"
EndProject
Project("{9A19103F-16F7-4668-BE54-9A1E7A4F7556}") = "swz.Clover.Security", "swz.Clover.Security\swz.Clover.Security.csproj", "{5FCB390B-01FF-4C94-9A42-ABC4317FA7CA}"
EndProject
Project("{9A19103F-16F7-4668-BE54-9A1E7A4F7556}") = "swz.Clover.MSSQL", "swz.Clover.MSSQL\swz.Clover.MSSQL.csproj", "{41F3F6D3-619E-4960-9F26-2ED73301CB0B}"
EndProject
Project("{9A19103F-16F7-4668-BE54-9A1E7A4F7556}") = "NETCore_swz.Workflow.Core", "NETCore_swz.Workflow.Core\NETCore_swz.Workflow.Core.csproj", "{B94D5319-6F6F-4847-BBC3-A30C64477CA4}"
EndProject
Project("{9A19103F-16F7-4668-BE54-9A1E7A4F7556}") = "NETCore_swz.Workflow.MSSQL", "NETCore_swz.Workflow.MSSQL\NETCore_swz.Workflow.MSSQL.csproj", "{168D9EBE-FFA0-4D3A-81A0-FACF229E5EE1}"
EndProject
Project("{9A19103F-16F7-4668-BE54-9A1E7A4F7556}") = "swz.SurveyPlus.IntranetWeb", "swz.SurveyPlus.IntranetWeb\swz.SurveyPlus.IntranetWeb.csproj", "{CF77A0C0-7F34-4379-8471-556BA1329A1C}"
EndProject
Project("{9A19103F-16F7-4668-BE54-9A1E7A4F7556}") = "swz.SurveyPlus.IntranetApplication", "swz.SurveyPlus.IntranetApplication\swz.SurveyPlus.IntranetApplication.csproj", "{1E08C460-3E99-46C4-8E3A-0598F1511F5A}"
EndProject
Project("{9A19103F-16F7-4668-BE54-9A1E7A4F7556}") = "swz.SurveyPlus.IntranetTests", "swz.SurveyPlus.IntranetTests\swz.SurveyPlus.IntranetTests.csproj", "{B55670F2-1D0F-4C04-AC23-C75E979C4A46}"
EndProject
Project("{9A19103F-16F7-4668-BE54-9A1E7A4F7556}") = "swz.Clover.AuthServices.Jwt", "swz.Clover.AuthServices.Jwt\swz.Clover.AuthServices.Jwt.csproj", "{EE5EAE4E-8D18-4B30-9949-B35A5A6AD904}"
EndProject
Project("{00D1A9C2-B5F0-4AF3-8072-F6C62B433612}") = "swz.Clover.DB", "swz.Clover.DB\swz.Clover.DB.sqlproj", "{7B0CCC24-7740-4848-A363-29E3BA1D0D92}"
EndProject
Project("{2150E333-8FDC-42A3-9474-1A3956D46DE8}") = "Intranet Backoffice", "Intranet Backoffice", "{B6D5CA54-02C6-498B-AF43-6C3CC33E668F}"
EndProject
Project("{2150E333-8FDC-42A3-9474-1A3956D46DE8}") = "SurveyPlus Clover Core", "SurveyPlus Clover Core", "{63AEF401-3FD2-48E5-B78E-702E4DA6FA7A}"
EndProject
Project("{2150E333-8FDC-42A3-9474-1A3956D46DE8}") = "SurveyPlus Database", "SurveyPlus Database", "{ED7193FB-305C-4EB4-9DE0-FE74D3820B6D}"
EndProject
Project("{2150E333-8FDC-42A3-9474-1A3956D46DE8}") = "Unit Tests", "Unit Tests", "{5F6A4C2B-5102-49B4-8C74-A071C7426FB8}"
EndProject
Project("{2150E333-8FDC-42A3-9474-1A3956D46DE8}") = "Solution Items", "Solution Items", "{B885C5FD-EDA2-4749-AD33-A3E55C99DEF7}"
	ProjectSection(SolutionItems) = preProject
		.gitignore = .gitignore
		Example DirectAccess Invitation.html = Example DirectAccess Invitation.html
		MailMerge_TestMessage.txt = MailMerge_TestMessage.txt
		README(Dependencies).txt = README(Dependencies).txt
		README(FullTextIndex).txt = README(FullTextIndex).txt
		README(REACT).txt = README(REACT).txt
		README.md = README.md
	EndProjectSection
EndProject
Project("{2150E333-8FDC-42A3-9474-1A3956D46DE8}") = "Internet Respondent Portal", "Internet Respondent Portal", "{1743ED02-5BE9-4189-BB34-7393B5D393BE}"
EndProject
Project("{9A19103F-16F7-4668-BE54-9A1E7A4F7556}") = "swz.Clover.SPCP", "swz.Clover.CorpPass\swz.Clover.SPCP.csproj", "{A7FD6F24-84EA-4DF7-B799-C4909AE524C8}"
EndProject
Project("{9A19103F-16F7-4668-BE54-9A1E7A4F7556}") = "swz.SurveyPlus.ApiSupport", "swz.SurveyPlus.ApiSupport\swz.SurveyPlus.ApiSupport.csproj", "{1F300A2A-F076-4FCF-B12A-54BCB7262168}"
EndProject
Project("{9A19103F-16F7-4668-BE54-9A1E7A4F7556}") = "swz.AspNetCore.AnonymousId", "AnonymousId\swz.AspNetCore.AnonymousId.csproj", "{4D593DC5-DED4-4D77-BD80-A70E47EA104B}"
EndProject
Project("{9A19103F-16F7-4668-BE54-9A1E7A4F7556}") = "swz.SurveyPlus.InternetApplication", "swz.SurveyPlus.InternetApplication\swz.SurveyPlus.InternetApplication.csproj", "{E6CDF536-7A49-4388-BB47-A5EBD74C39F9}"
EndProject
Project("{9A19103F-16F7-4668-BE54-9A1E7A4F7556}") = "swz.SurveyPlus.InternetWeb", "swz.SurveyPlus.InternetWeb\swz.SurveyPlus.InternetWeb.csproj", "{E90455D7-697E-4A68-9C0B-338896301378}"
EndProject
Project("{2150E333-8FDC-42A3-9474-1A3956D46DE8}") = "SurveyPlus Common", "SurveyPlus Common", "{E89C8066-3526-432F-9E6D-1F6A81DFEB14}"
EndProject
Project("{9A19103F-16F7-4668-BE54-9A1E7A4F7556}") = "swz.SurveyPlus.Application", "swz.SurveyPlus.Application\swz.SurveyPlus.Application.csproj", "{7C2B28AA-A477-40E7-941E-F6B9ABE67F2F}"
EndProject
Project("{9A19103F-16F7-4668-BE54-9A1E7A4F7556}") = "swz.MockNevis", "swz.MockNevis\swz.MockNevis.csproj", "{ABF03A27-83B9-4C0D-9648-53D831B6D078}"
EndProject
Project("{9A19103F-16F7-4668-BE54-9A1E7A4F7556}") = "swz.MockClamRestApi", "swz.MockClamRestApi\swz.MockClamRestApi.csproj", "{CE8A5327-E10C-4EA6-88E2-5BBF1B0889FB}"
EndProject
Project("{9A19103F-16F7-4668-BE54-9A1E7A4F7556}") = "swz.KeyUtilsTests", "swz.KeyUtilsTests\swz.KeyUtilsTests.csproj", "{D72C46D5-D127-4A0C-B049-2183D775D1E3}"
EndProject
Project("{9A19103F-16F7-4668-BE54-9A1E7A4F7556}") = "swz.KeyUtils", "swz.KeyUtils\swz.KeyUtils.csproj", "{A3AEFB45-CCF4-43F8-9E75-72CB3A25A560}"
EndProject
Project("{9A19103F-16F7-4668-BE54-9A1E7A4F7556}") = "swz.MockNetrust", "swz.MockNetrust\swz.MockNetrust.csproj", "{88D89B2C-8C4E-4E13-AB05-7749C24A9582}"
EndProject
Project("{9A19103F-16F7-4668-BE54-9A1E7A4F7556}") = "swz.SurveyPlus.IdentityAccessManagement", "swz.SurveyPlus.IdentityAccessManagement\swz.SurveyPlus.IdentityAccessManagement.csproj", "{60AC42D5-555D-404F-BE20-553DEAEA31E8}"
EndProject
Project("{9A19103F-16F7-4668-BE54-9A1E7A4F7556}") = "swz.Clover.CoreTests", "swz.Clover.CoreTests\swz.Clover.CoreTests.csproj", "{7109CB97-4669-46EF-99E2-E60887BBE87C}"
EndProject
Project("{FAE04EC0-301F-11D3-BF4B-00C04F79EFBC}") = "swz.SurveyPlus.Saml2", "swz.SurveyPlus.Saml2\swz.SurveyPlus.Saml2.csproj", "{B8B25647-7DB3-499D-947C-A41745B9A938}"
EndProject
Project("{FAE04EC0-301F-11D3-BF4B-00C04F79EFBC}") = "swz.MockEntra", "swz.MockEntra\swz.MockEntra.csproj", "{1323E77E-F3C1-4F73-993E-E615BF73BC7F}"
EndProject
Global
	GlobalSection(SolutionConfigurationPlatforms) = preSolution
		Debug|Any CPU = Debug|Any CPU
		Release|Any CPU = Release|Any CPU
	EndGlobalSection
	GlobalSection(ProjectConfigurationPlatforms) = postSolution
		{9661A68E-F6F4-439C-ADA4-D7DCA1D36ABA}.Debug|Any CPU.ActiveCfg = Debug|Any CPU
		{9661A68E-F6F4-439C-ADA4-D7DCA1D36ABA}.Debug|Any CPU.Build.0 = Debug|Any CPU
		{9661A68E-F6F4-439C-ADA4-D7DCA1D36ABA}.Release|Any CPU.ActiveCfg = Release|Any CPU
		{9661A68E-F6F4-439C-ADA4-D7DCA1D36ABA}.Release|Any CPU.Build.0 = Release|Any CPU
		{5FCB390B-01FF-4C94-9A42-ABC4317FA7CA}.Debug|Any CPU.ActiveCfg = Debug|Any CPU
		{5FCB390B-01FF-4C94-9A42-ABC4317FA7CA}.Debug|Any CPU.Build.0 = Debug|Any CPU
		{5FCB390B-01FF-4C94-9A42-ABC4317FA7CA}.Release|Any CPU.ActiveCfg = Release|Any CPU
		{5FCB390B-01FF-4C94-9A42-ABC4317FA7CA}.Release|Any CPU.Build.0 = Release|Any CPU
		{41F3F6D3-619E-4960-9F26-2ED73301CB0B}.Debug|Any CPU.ActiveCfg = Debug|Any CPU
		{41F3F6D3-619E-4960-9F26-2ED73301CB0B}.Debug|Any CPU.Build.0 = Debug|Any CPU
		{41F3F6D3-619E-4960-9F26-2ED73301CB0B}.Release|Any CPU.ActiveCfg = Release|Any CPU
		{41F3F6D3-619E-4960-9F26-2ED73301CB0B}.Release|Any CPU.Build.0 = Release|Any CPU
		{B94D5319-6F6F-4847-BBC3-A30C64477CA4}.Debug|Any CPU.ActiveCfg = Debug|Any CPU
		{B94D5319-6F6F-4847-BBC3-A30C64477CA4}.Debug|Any CPU.Build.0 = Debug|Any CPU
		{B94D5319-6F6F-4847-BBC3-A30C64477CA4}.Release|Any CPU.ActiveCfg = Release|Any CPU
		{B94D5319-6F6F-4847-BBC3-A30C64477CA4}.Release|Any CPU.Build.0 = Release|Any CPU
		{168D9EBE-FFA0-4D3A-81A0-FACF229E5EE1}.Debug|Any CPU.ActiveCfg = Debug|Any CPU
		{168D9EBE-FFA0-4D3A-81A0-FACF229E5EE1}.Debug|Any CPU.Build.0 = Debug|Any CPU
		{168D9EBE-FFA0-4D3A-81A0-FACF229E5EE1}.Release|Any CPU.ActiveCfg = Release|Any CPU
		{168D9EBE-FFA0-4D3A-81A0-FACF229E5EE1}.Release|Any CPU.Build.0 = Release|Any CPU
		{CF77A0C0-7F34-4379-8471-556BA1329A1C}.Debug|Any CPU.ActiveCfg = Debug|Any CPU
		{CF77A0C0-7F34-4379-8471-556BA1329A1C}.Debug|Any CPU.Build.0 = Debug|Any CPU
		{CF77A0C0-7F34-4379-8471-556BA1329A1C}.Release|Any CPU.ActiveCfg = Release|Any CPU
		{CF77A0C0-7F34-4379-8471-556BA1329A1C}.Release|Any CPU.Build.0 = Release|Any CPU
		{1E08C460-3E99-46C4-8E3A-0598F1511F5A}.Debug|Any CPU.ActiveCfg = Debug|Any CPU
		{1E08C460-3E99-46C4-8E3A-0598F1511F5A}.Debug|Any CPU.Build.0 = Debug|Any CPU
		{1E08C460-3E99-46C4-8E3A-0598F1511F5A}.Release|Any CPU.ActiveCfg = Release|Any CPU
		{1E08C460-3E99-46C4-8E3A-0598F1511F5A}.Release|Any CPU.Build.0 = Release|Any CPU
		{B55670F2-1D0F-4C04-AC23-C75E979C4A46}.Debug|Any CPU.ActiveCfg = Debug|Any CPU
		{B55670F2-1D0F-4C04-AC23-C75E979C4A46}.Debug|Any CPU.Build.0 = Debug|Any CPU
		{B55670F2-1D0F-4C04-AC23-C75E979C4A46}.Release|Any CPU.ActiveCfg = Release|Any CPU
		{B55670F2-1D0F-4C04-AC23-C75E979C4A46}.Release|Any CPU.Build.0 = Release|Any CPU
		{EE5EAE4E-8D18-4B30-9949-B35A5A6AD904}.Debug|Any CPU.ActiveCfg = Debug|Any CPU
		{EE5EAE4E-8D18-4B30-9949-B35A5A6AD904}.Debug|Any CPU.Build.0 = Debug|Any CPU
		{EE5EAE4E-8D18-4B30-9949-B35A5A6AD904}.Release|Any CPU.ActiveCfg = Release|Any CPU
		{EE5EAE4E-8D18-4B30-9949-B35A5A6AD904}.Release|Any CPU.Build.0 = Release|Any CPU
		{7B0CCC24-7740-4848-A363-29E3BA1D0D92}.Debug|Any CPU.ActiveCfg = Debug|Any CPU
		{7B0CCC24-7740-4848-A363-29E3BA1D0D92}.Debug|Any CPU.Build.0 = Debug|Any CPU
		{7B0CCC24-7740-4848-A363-29E3BA1D0D92}.Debug|Any CPU.Deploy.0 = Debug|Any CPU
		{7B0CCC24-7740-4848-A363-29E3BA1D0D92}.Release|Any CPU.ActiveCfg = Release|Any CPU
		{7B0CCC24-7740-4848-A363-29E3BA1D0D92}.Release|Any CPU.Build.0 = Release|Any CPU
		{7B0CCC24-7740-4848-A363-29E3BA1D0D92}.Release|Any CPU.Deploy.0 = Release|Any CPU
		{A7FD6F24-84EA-4DF7-B799-C4909AE524C8}.Debug|Any CPU.ActiveCfg = Debug|Any CPU
		{A7FD6F24-84EA-4DF7-B799-C4909AE524C8}.Debug|Any CPU.Build.0 = Debug|Any CPU
		{A7FD6F24-84EA-4DF7-B799-C4909AE524C8}.Release|Any CPU.ActiveCfg = Release|Any CPU
		{A7FD6F24-84EA-4DF7-B799-C4909AE524C8}.Release|Any CPU.Build.0 = Release|Any CPU
		{1F300A2A-F076-4FCF-B12A-54BCB7262168}.Debug|Any CPU.ActiveCfg = Debug|Any CPU
		{1F300A2A-F076-4FCF-B12A-54BCB7262168}.Debug|Any CPU.Build.0 = Debug|Any CPU
		{1F300A2A-F076-4FCF-B12A-54BCB7262168}.Release|Any CPU.ActiveCfg = Release|Any CPU
		{1F300A2A-F076-4FCF-B12A-54BCB7262168}.Release|Any CPU.Build.0 = Release|Any CPU
		{4D593DC5-DED4-4D77-BD80-A70E47EA104B}.Debug|Any CPU.ActiveCfg = Debug|Any CPU
		{4D593DC5-DED4-4D77-BD80-A70E47EA104B}.Debug|Any CPU.Build.0 = Debug|Any CPU
		{4D593DC5-DED4-4D77-BD80-A70E47EA104B}.Release|Any CPU.ActiveCfg = Release|Any CPU
		{4D593DC5-DED4-4D77-BD80-A70E47EA104B}.Release|Any CPU.Build.0 = Release|Any CPU
		{E6CDF536-7A49-4388-BB47-A5EBD74C39F9}.Debug|Any CPU.ActiveCfg = Debug|Any CPU
		{E6CDF536-7A49-4388-BB47-A5EBD74C39F9}.Debug|Any CPU.Build.0 = Debug|Any CPU
		{E6CDF536-7A49-4388-BB47-A5EBD74C39F9}.Release|Any CPU.ActiveCfg = Release|Any CPU
		{E6CDF536-7A49-4388-BB47-A5EBD74C39F9}.Release|Any CPU.Build.0 = Release|Any CPU
		{E90455D7-697E-4A68-9C0B-338896301378}.Debug|Any CPU.ActiveCfg = Debug|Any CPU
		{E90455D7-697E-4A68-9C0B-338896301378}.Debug|Any CPU.Build.0 = Debug|Any CPU
		{E90455D7-697E-4A68-9C0B-338896301378}.Release|Any CPU.ActiveCfg = Release|Any CPU
		{E90455D7-697E-4A68-9C0B-338896301378}.Release|Any CPU.Build.0 = Release|Any CPU
		{7C2B28AA-A477-40E7-941E-F6B9ABE67F2F}.Debug|Any CPU.ActiveCfg = Debug|Any CPU
		{7C2B28AA-A477-40E7-941E-F6B9ABE67F2F}.Debug|Any CPU.Build.0 = Debug|Any CPU
		{7C2B28AA-A477-40E7-941E-F6B9ABE67F2F}.Release|Any CPU.ActiveCfg = Release|Any CPU
		{7C2B28AA-A477-40E7-941E-F6B9ABE67F2F}.Release|Any CPU.Build.0 = Release|Any CPU
		{ABF03A27-83B9-4C0D-9648-53D831B6D078}.Debug|Any CPU.ActiveCfg = Debug|Any CPU
		{ABF03A27-83B9-4C0D-9648-53D831B6D078}.Debug|Any CPU.Build.0 = Debug|Any CPU
		{ABF03A27-83B9-4C0D-9648-53D831B6D078}.Release|Any CPU.ActiveCfg = Release|Any CPU
		{ABF03A27-83B9-4C0D-9648-53D831B6D078}.Release|Any CPU.Build.0 = Release|Any CPU
		{CE8A5327-E10C-4EA6-88E2-5BBF1B0889FB}.Debug|Any CPU.ActiveCfg = Debug|Any CPU
		{CE8A5327-E10C-4EA6-88E2-5BBF1B0889FB}.Debug|Any CPU.Build.0 = Debug|Any CPU
		{CE8A5327-E10C-4EA6-88E2-5BBF1B0889FB}.Release|Any CPU.ActiveCfg = Release|Any CPU
		{CE8A5327-E10C-4EA6-88E2-5BBF1B0889FB}.Release|Any CPU.Build.0 = Release|Any CPU
		{D72C46D5-D127-4A0C-B049-2183D775D1E3}.Debug|Any CPU.ActiveCfg = Debug|Any CPU
		{D72C46D5-D127-4A0C-B049-2183D775D1E3}.Debug|Any CPU.Build.0 = Debug|Any CPU
		{D72C46D5-D127-4A0C-B049-2183D775D1E3}.Release|Any CPU.ActiveCfg = Release|Any CPU
		{D72C46D5-D127-4A0C-B049-2183D775D1E3}.Release|Any CPU.Build.0 = Release|Any CPU
		{A3AEFB45-CCF4-43F8-9E75-72CB3A25A560}.Debug|Any CPU.ActiveCfg = Debug|Any CPU
		{A3AEFB45-CCF4-43F8-9E75-72CB3A25A560}.Debug|Any CPU.Build.0 = Debug|Any CPU
		{A3AEFB45-CCF4-43F8-9E75-72CB3A25A560}.Release|Any CPU.ActiveCfg = Release|Any CPU
		{A3AEFB45-CCF4-43F8-9E75-72CB3A25A560}.Release|Any CPU.Build.0 = Release|Any CPU
		{88D89B2C-8C4E-4E13-AB05-7749C24A9582}.Debug|Any CPU.ActiveCfg = Debug|Any CPU
		{88D89B2C-8C4E-4E13-AB05-7749C24A9582}.Debug|Any CPU.Build.0 = Debug|Any CPU
		{88D89B2C-8C4E-4E13-AB05-7749C24A9582}.Release|Any CPU.ActiveCfg = Release|Any CPU
		{88D89B2C-8C4E-4E13-AB05-7749C24A9582}.Release|Any CPU.Build.0 = Release|Any CPU
		{60AC42D5-555D-404F-BE20-553DEAEA31E8}.Debug|Any CPU.ActiveCfg = Debug|Any CPU
		{60AC42D5-555D-404F-BE20-553DEAEA31E8}.Debug|Any CPU.Build.0 = Debug|Any CPU
		{60AC42D5-555D-404F-BE20-553DEAEA31E8}.Release|Any CPU.ActiveCfg = Release|Any CPU
		{60AC42D5-555D-404F-BE20-553DEAEA31E8}.Release|Any CPU.Build.0 = Release|Any CPU
		{7109CB97-4669-46EF-99E2-E60887BBE87C}.Debug|Any CPU.ActiveCfg = Debug|Any CPU
		{7109CB97-4669-46EF-99E2-E60887BBE87C}.Debug|Any CPU.Build.0 = Debug|Any CPU
		{7109CB97-4669-46EF-99E2-E60887BBE87C}.Release|Any CPU.ActiveCfg = Release|Any CPU
		{7109CB97-4669-46EF-99E2-E60887BBE87C}.Release|Any CPU.Build.0 = Release|Any CPU
		{B8B25647-7DB3-499D-947C-A41745B9A938}.Debug|Any CPU.ActiveCfg = Debug|Any CPU
		{B8B25647-7DB3-499D-947C-A41745B9A938}.Debug|Any CPU.Build.0 = Debug|Any CPU
		{B8B25647-7DB3-499D-947C-A41745B9A938}.Release|Any CPU.ActiveCfg = Release|Any CPU
		{B8B25647-7DB3-499D-947C-A41745B9A938}.Release|Any CPU.Build.0 = Release|Any CPU
		{1323E77E-F3C1-4F73-993E-E615BF73BC7F}.Debug|Any CPU.ActiveCfg = Debug|Any CPU
		{1323E77E-F3C1-4F73-993E-E615BF73BC7F}.Debug|Any CPU.Build.0 = Debug|Any CPU
		{1323E77E-F3C1-4F73-993E-E615BF73BC7F}.Release|Any CPU.ActiveCfg = Release|Any CPU
		{1323E77E-F3C1-4F73-993E-E615BF73BC7F}.Release|Any CPU.Build.0 = Release|Any CPU
	EndGlobalSection
	GlobalSection(SolutionProperties) = preSolution
		HideSolutionNode = FALSE
	EndGlobalSection
	GlobalSection(NestedProjects) = preSolution
		{9661A68E-F6F4-439C-ADA4-D7DCA1D36ABA} = {63AEF401-3FD2-48E5-B78E-702E4DA6FA7A}
		{5FCB390B-01FF-4C94-9A42-ABC4317FA7CA} = {63AEF401-3FD2-48E5-B78E-702E4DA6FA7A}
		{41F3F6D3-619E-4960-9F26-2ED73301CB0B} = {63AEF401-3FD2-48E5-B78E-702E4DA6FA7A}
		{B94D5319-6F6F-4847-BBC3-A30C64477CA4} = {63AEF401-3FD2-48E5-B78E-702E4DA6FA7A}
		{168D9EBE-FFA0-4D3A-81A0-FACF229E5EE1} = {63AEF401-3FD2-48E5-B78E-702E4DA6FA7A}
		{CF77A0C0-7F34-4379-8471-556BA1329A1C} = {B6D5CA54-02C6-498B-AF43-6C3CC33E668F}
		{1E08C460-3E99-46C4-8E3A-0598F1511F5A} = {B6D5CA54-02C6-498B-AF43-6C3CC33E668F}
		{B55670F2-1D0F-4C04-AC23-C75E979C4A46} = {5F6A4C2B-5102-49B4-8C74-A071C7426FB8}
		{EE5EAE4E-8D18-4B30-9949-B35A5A6AD904} = {B6D5CA54-02C6-498B-AF43-6C3CC33E668F}
		{7B0CCC24-7740-4848-A363-29E3BA1D0D92} = {ED7193FB-305C-4EB4-9DE0-FE74D3820B6D}
		{A7FD6F24-84EA-4DF7-B799-C4909AE524C8} = {1743ED02-5BE9-4189-BB34-7393B5D393BE}
		{1F300A2A-F076-4FCF-B12A-54BCB7262168} = {1743ED02-5BE9-4189-BB34-7393B5D393BE}
		{4D593DC5-DED4-4D77-BD80-A70E47EA104B} = {1743ED02-5BE9-4189-BB34-7393B5D393BE}
		{E6CDF536-7A49-4388-BB47-A5EBD74C39F9} = {1743ED02-5BE9-4189-BB34-7393B5D393BE}
		{E90455D7-697E-4A68-9C0B-338896301378} = {1743ED02-5BE9-4189-BB34-7393B5D393BE}
		{7C2B28AA-A477-40E7-941E-F6B9ABE67F2F} = {E89C8066-3526-432F-9E6D-1F6A81DFEB14}
		{ABF03A27-83B9-4C0D-9648-53D831B6D078} = {1743ED02-5BE9-4189-BB34-7393B5D393BE}
		{CE8A5327-E10C-4EA6-88E2-5BBF1B0889FB} = {1743ED02-5BE9-4189-BB34-7393B5D393BE}
		{D72C46D5-D127-4A0C-B049-2183D775D1E3} = {5F6A4C2B-5102-49B4-8C74-A071C7426FB8}
		{A3AEFB45-CCF4-43F8-9E75-72CB3A25A560} = {E89C8066-3526-432F-9E6D-1F6A81DFEB14}
		{88D89B2C-8C4E-4E13-AB05-7749C24A9582} = {1743ED02-5BE9-4189-BB34-7393B5D393BE}
		{60AC42D5-555D-404F-BE20-553DEAEA31E8} = {B6D5CA54-02C6-498B-AF43-6C3CC33E668F}
		{7109CB97-4669-46EF-99E2-E60887BBE87C} = {5F6A4C2B-5102-49B4-8C74-A071C7426FB8}
		{B8B25647-7DB3-499D-947C-A41745B9A938} = {B6D5CA54-02C6-498B-AF43-6C3CC33E668F}
		{1323E77E-F3C1-4F73-993E-E615BF73BC7F} = {B6D5CA54-02C6-498B-AF43-6C3CC33E668F}
	EndGlobalSection
	GlobalSection(ExtensibilityGlobals) = postSolution
		SolutionGuid = {66CB5E37-4F20-4D00-A6D8-DF5080C9A027}
	EndGlobalSection
EndGlobal
